
Microsoft Visual Studio Solution File, Format Version 12.00
# Visual Studio 15
VisualStudioVersion = 15.0.27703.2047
MinimumVisualStudioVersion = 10.0.40219.1
Project("{FAE04EC0-301F-11D3-BF4B-00C04F79EFBC}") = "suppliers-backend", "suppliers-backend\suppliers-backend.csproj", "{54E33B76-E3B7-439F-954D-33072AB284CE}"
EndProject
Global
	GlobalSection(SolutionConfigurationPlatforms) = preSolution
		Debug|Any CPU = Debug|Any CPU
		Release|Any CPU = Release|Any CPU
	EndGlobalSection
	GlobalSection(ProjectConfigurationPlatforms) = postSolution
		{54E33B76-E3B7-439F-954D-33072AB284CE}.Debug|Any CPU.ActiveCfg = Debug|Any CPU
		{54E33B76-E3B7-439F-954D-33072AB284CE}.Debug|Any CPU.Build.0 = Debug|Any CPU
		{54E33B76-E3B7-439F-954D-33072AB284CE}.Release|Any CPU.ActiveCfg = Release|Any CPU
		{54E33B76-E3B7-439F-954D-33072AB284CE}.Release|Any CPU.Build.0 = Release|Any CPU
	EndGlobalSection
	GlobalSection(SolutionProperties) = preSolution
		HideSolutionNode = FALSE
	EndGlobalSection
	GlobalSection(ExtensibilityGlobals) = postSolution
		SolutionGuid = {AF827EAB-F0EF-46D9-B60E-863CE967CCBE}
	EndGlobalSection
EndGlobal
